
Microsoft Visual Studio Solution File, Format Version 12.00
# Visual Studio 15
VisualStudioVersion = 15.0.26730.16
MinimumVisualStudioVersion = 10.0.40219.1
Project("{FAE04EC0-301F-11D3-BF4B-00C04F79EFBC}") = "Patchwork", "Patchwork\Patchwork.csproj", "{6E3177A2-4247-4438-A249-34E237C2E30D}"
EndProject
Project("{FAE04EC0-301F-11D3-BF4B-00C04F79EFBC}") = "Testing", "Testing\Testing.csproj", "{002300C8-5466-456A-81EB-A14880DD5FAF}"
EndProject
Global
	GlobalSection(SolutionConfigurationPlatforms) = preSolution
		Debug|Any CPU = Debug|Any CPU
		Release|Any CPU = Release|Any CPU
	EndGlobalSection
	GlobalSection(ProjectConfigurationPlatforms) = postSolution
		{6E3177A2-4247-4438-A249-34E237C2E30D}.Debug|Any CPU.ActiveCfg = Debug|Any CPU
		{6E3177A2-4247-4438-A249-34E237C2E30D}.Debug|Any CPU.Build.0 = Debug|Any CPU
		{6E3177A2-4247-4438-A249-34E237C2E30D}.Release|Any CPU.ActiveCfg = Release|Any CPU
		{6E3177A2-4247-4438-A249-34E237C2E30D}.Release|Any CPU.Build.0 = Release|Any CPU
		{002300C8-5466-456A-81EB-A14880DD5FAF}.Debug|Any CPU.ActiveCfg = Debug|Any CPU
		{002300C8-5466-456A-81EB-A14880DD5FAF}.Debug|Any CPU.Build.0 = Debug|Any CPU
		{002300C8-5466-456A-81EB-A14880DD5FAF}.Release|Any CPU.ActiveCfg = Release|Any CPU
		{002300C8-5466-456A-81EB-A14880DD5FAF}.Release|Any CPU.Build.0 = Release|Any CPU
	EndGlobalSection
	GlobalSection(SolutionProperties) = preSolution
		HideSolutionNode = FALSE
	EndGlobalSection
	GlobalSection(ExtensibilityGlobals) = postSolution
		SolutionGuid = {0986E497-AA4D-4F44-976F-B436338FBE4C}
	EndGlobalSection
EndGlobal
